
Microsoft Visual Studio Solution File, Format Version 12.00
# Visual Studio Version 17
VisualStudioVersion = 17.11.35222.181
MinimumVisualStudioVersion = 10.0.40219.1
Project("{8BC9CEB8-8B4A-11D0-8D11-00A0C91BC942}") = "ConsoleTetris", "ConsoleTetris.vcxproj", "{A118E717-800C-4A6F-99A9-A9625A19527A}"
EndProject
Global
	GlobalSection(SolutionConfigurationPlatforms) = preSolution
		Debug|x64 = Debug|x64
		Debug|x86 = Debug|x86
		Release|x64 = Release|x64
		Release|x86 = Release|x86
	EndGlobalSection
	GlobalSection(ProjectConfigurationPlatforms) = postSolution
		{A118E717-800C-4A6F-99A9-A9625A19527A}.Debug|x64.ActiveCfg = Debug|x64
		{A118E717-800C-4A6F-99A9-A9625A19527A}.Debug|x64.Build.0 = Debug|x64
		{A118E717-800C-4A6F-99A9-A9625A19527A}.Debug|x86.ActiveCfg = Debug|Win32
		{A118E717-800C-4A6F-99A9-A9625A19527A}.Debug|x86.Build.0 = Debug|Win32
		{A118E717-800C-4A6F-99A9-A9625A19527A}.Release|x64.ActiveCfg = Release|x64
		{A118E717-800C-4A6F-99A9-A9625A19527A}.Release|x64.Build.0 = Release|x64
		{A118E717-800C-4A6F-99A9-A9625A19527A}.Release|x86.ActiveCfg = Release|Win32
		{A118E717-800C-4A6F-99A9-A9625A19527A}.Release|x86.Build.0 = Release|Win32
	EndGlobalSection
	GlobalSection(SolutionProperties) = preSolution
		HideSolutionNode = FALSE
	EndGlobalSection
	GlobalSection(ExtensibilityGlobals) = postSolution
		SolutionGuid = {68D7C6FD-2591-44C4-9DF2-169B7623F381}
	EndGlobalSection
EndGlobal
